
Microsoft Visual Studio Solution File, Format Version 12.00
# Visual Studio Version 16
VisualStudioVersion = 16.0.31105.61
MinimumVisualStudioVersion = 10.0.40219.1
Project("{FAE04EC0-301F-11D3-BF4B-00C04F79EFBC}") = "CarX_NormalCarNames", "CarX_NormalCarNames\CarX_NormalCarNames.csproj", "{7ACF0A06-A504-42D0-9AD3-D278BC6E008F}"
EndProject
Global
	GlobalSection(SolutionConfigurationPlatforms) = preSolution
		Debug|Any CPU = Debug|Any CPU
		Release|Any CPU = Release|Any CPU
	EndGlobalSection
	GlobalSection(ProjectConfigurationPlatforms) = postSolution
		{7ACF0A06-A504-42D0-9AD3-D278BC6E008F}.Debug|Any CPU.ActiveCfg = Debug|Any CPU
		{7ACF0A06-A504-42D0-9AD3-D278BC6E008F}.Debug|Any CPU.Build.0 = Debug|Any CPU
		{7ACF0A06-A504-42D0-9AD3-D278BC6E008F}.Release|Any CPU.ActiveCfg = Release|Any CPU
		{7ACF0A06-A504-42D0-9AD3-D278BC6E008F}.Release|Any CPU.Build.0 = Release|Any CPU
	EndGlobalSection
	GlobalSection(SolutionProperties) = preSolution
		HideSolutionNode = FALSE
	EndGlobalSection
	GlobalSection(ExtensibilityGlobals) = postSolution
		SolutionGuid = {ED99BC62-764E-4E53-B428-1BEE7E0D0DC4}
	EndGlobalSection
EndGlobal
